
Microsoft Visual Studio Solution File, Format Version 12.00
# Visual Studio Version 16
VisualStudioVersion = 16.0.31229.75
MinimumVisualStudioVersion = 10.0.40219.1
Project("{9A19103F-16F7-4668-BE54-9A1E7A4F7556}") = "Sniffer", "src\Sniffer\Sniffer.csproj", "{00B664AB-1DFA-461F-9F98-496D85617A2E}"
EndProject
Project("{2150E333-8FDC-42A3-9474-1A3956D46DE8}") = "Solution Items", "Solution Items", "{04B2E205-E245-4D2D-9041-D0C6F11778C3}"
	ProjectSection(SolutionItems) = preProject
		.editorconfig = .editorconfig
		.gitattributes = .gitattributes
		.gitignore = .gitignore
		docker-compose.yml = docker-compose.yml
		README.md = README.md
	EndProjectSection
EndProject
Project("{9A19103F-16F7-4668-BE54-9A1E7A4F7556}") = "Sniffer.Tests", "tests\Sniffer.Tests\Sniffer.Tests.csproj", "{0D0D1F0C-C057-45FD-AFFA-3A133AB280A0}"
EndProject
Project("{9A19103F-16F7-4668-BE54-9A1E7A4F7556}") = "Sniffer.Debugger", "src\Sniffer.Debugger\Sniffer.Debugger.csproj", "{D008606F-3D3D-4779-87D9-E347A4DE7438}"
EndProject
Project("{9A19103F-16F7-4668-BE54-9A1E7A4F7556}") = "Sniffer.Persistance", "Sniffer.Persistance\Sniffer.Persistance.csproj", "{7621D2B3-D4E4-41E9-AEEB-FDAC8CC715FC}"
EndProject
Project("{FAE04EC0-301F-11D3-BF4B-00C04F79EFBC}") = "Sniffer.Static", "Sniffer.Static\Sniffer.Static.csproj", "{F2BFA9C4-ED4F-4316-99C3-64339D3630EE}"
EndProject
Global
	GlobalSection(SolutionConfigurationPlatforms) = preSolution
		Debug|Any CPU = Debug|Any CPU
		Release|Any CPU = Release|Any CPU
	EndGlobalSection
	GlobalSection(ProjectConfigurationPlatforms) = postSolution
		{00B664AB-1DFA-461F-9F98-496D85617A2E}.Debug|Any CPU.ActiveCfg = Debug|Any CPU
		{00B664AB-1DFA-461F-9F98-496D85617A2E}.Debug|Any CPU.Build.0 = Debug|Any CPU
		{00B664AB-1DFA-461F-9F98-496D85617A2E}.Release|Any CPU.ActiveCfg = Release|Any CPU
		{00B664AB-1DFA-461F-9F98-496D85617A2E}.Release|Any CPU.Build.0 = Release|Any CPU
		{0D0D1F0C-C057-45FD-AFFA-3A133AB280A0}.Debug|Any CPU.ActiveCfg = Debug|Any CPU
		{0D0D1F0C-C057-45FD-AFFA-3A133AB280A0}.Debug|Any CPU.Build.0 = Debug|Any CPU
		{0D0D1F0C-C057-45FD-AFFA-3A133AB280A0}.Release|Any CPU.ActiveCfg = Release|Any CPU
		{0D0D1F0C-C057-45FD-AFFA-3A133AB280A0}.Release|Any CPU.Build.0 = Release|Any CPU
		{D008606F-3D3D-4779-87D9-E347A4DE7438}.Debug|Any CPU.ActiveCfg = Debug|Any CPU
		{D008606F-3D3D-4779-87D9-E347A4DE7438}.Debug|Any CPU.Build.0 = Debug|Any CPU
		{D008606F-3D3D-4779-87D9-E347A4DE7438}.Release|Any CPU.ActiveCfg = Release|Any CPU
		{D008606F-3D3D-4779-87D9-E347A4DE7438}.Release|Any CPU.Build.0 = Release|Any CPU
		{7621D2B3-D4E4-41E9-AEEB-FDAC8CC715FC}.Debug|Any CPU.ActiveCfg = Debug|Any CPU
		{7621D2B3-D4E4-41E9-AEEB-FDAC8CC715FC}.Debug|Any CPU.Build.0 = Debug|Any CPU
		{7621D2B3-D4E4-41E9-AEEB-FDAC8CC715FC}.Release|Any CPU.ActiveCfg = Release|Any CPU
		{7621D2B3-D4E4-41E9-AEEB-FDAC8CC715FC}.Release|Any CPU.Build.0 = Release|Any CPU
		{F2BFA9C4-ED4F-4316-99C3-64339D3630EE}.Debug|Any CPU.ActiveCfg = Debug|Any CPU
		{F2BFA9C4-ED4F-4316-99C3-64339D3630EE}.Debug|Any CPU.Build.0 = Debug|Any CPU
		{F2BFA9C4-ED4F-4316-99C3-64339D3630EE}.Release|Any CPU.ActiveCfg = Release|Any CPU
		{F2BFA9C4-ED4F-4316-99C3-64339D3630EE}.Release|Any CPU.Build.0 = Release|Any CPU
	EndGlobalSection
	GlobalSection(SolutionProperties) = preSolution
		HideSolutionNode = FALSE
	EndGlobalSection
	GlobalSection(ExtensibilityGlobals) = postSolution
		SolutionGuid = {DF0D3471-AF49-4185-974E-253DAC656777}
	EndGlobalSection
EndGlobal
